dependencies:
- name: mysql
  repository: https://charts.bitnami.com/bitnami
  version: 9.4.8
- name: redis-ha
  repository: https://dandydeveloper.github.io/charts
  version: 4.23.0
digest: sha256:91b7dd321c826a5721204763f11ac8a641c60cc23690250ca2eecd8c368cdac8
generated: "2023-12-09T13:20:23.900368+01:00"
